version: v2
locks:
  f/examples/math_expression__flow+__flow_hash: 39fd932d3bc75ec567328aeb044577f580846df70901b5900937fc23d3113797
  f/examples/math_expression__flow+step1_add.ts: 58a63ca5b26458b37c35e323b7b303eb0a0dd524c848f450cc7c860634d4650d
  f/examples/math_expression__flow+step2_multiply.ts: e7d0553dc28fb6ab2378e9cd82f758140a6145dd7b12d00ce336cf0f61015fd0
  f/examples/math_expression__flow+step3_add_b.ts: bf05501e84d281d51bb946a700f770ad2456e30e420ac00faa72316a0037d154
  f/gold/daily_refresh: 1a777f40564b647a7c07e12ded2572cf0480a15d09e620645fae203f5567165c
  f/gold/daily_refresh__flow+__flow_hash: 35d4aaf6a8f87a633a74c3f04bd535546a43f3cb453b6690a1e5e9422e569a1c
  f/gold/daily_refresh__flow+step1_current_prices.py: 390cf8f0a3397f0f5eef145308f93d2acb35d7804db3f7d209e0cd879a0a44e1
  f/gold/daily_refresh__flow+step2_history_gap_fill.py: 8c6b9577c6f728aa4e593fa18432d1647649e8e07e699822bb51a4267e0cca00
  f/gold/daily_refresh__flow+step3_indicators.py: f97e3fef5069bf77ef9af66cb3e71d705ea56fa24c73a9afd7405c8895bd7786
  f/gold/gold_price_provider: 2cf9924987eb0cd25799929e71d1b9d494e6e6e67f1fac5d4a468928720a3c5f
  f/gold/gold_utils: 065d9b80954518c97154a9f5998185e218979d304338895b9a34d728fda2ba76
  f/gold/historical_backfill: 87e838861b3560478c7765d9851f8f4b9d3f3aa254beeefdf58b3cfd54f9d3f5
  f/gold/historical_backfill__flow+__flow_hash: 00588cb39a1e3d482116fb43ea8152e1dd535ca356b12e01472027f69e4ea753
  f/gold/historical_backfill__flow+step1_usd_history.py: f0de0c56a0d0af0ee22db3185c6c60e7496642ed92fbdab690dad9b89ce71d1e
  f/gold/historical_backfill__flow+step2_aed_inr_history.py: d31c7b0c061cb6005eb06b1d76b2f40a9403f3990ffbe499aaa28139f746db67
  f/gold/historical_backfill__flow+step3_indicators.py: cec67b72d7443c1a524ac5a0c56418fa68994761e1d7bba97874fe78c54432a3
  f/gold/tests/__init__: 1c176866eebdbfc9b1e18165101992d5b6b3bced93a3cfced6b787bbe7c2f1ef
  f/gold/tests/conftest: 0d25fbab321d7a8697109fb3f968d2ab2ac35c1bb5abe3dbbf5510d69be4da4b
  f/gold/tests/test_gold_provider: 4a107a066703b895a8dbae2a0859ba5075ff1fd6914a767d85c43192616e0545
  f/gold/tests/test_gold_utils: 7e97ecb8a9c5e6de28153272d0322ca0320ca289236a6f5ec792bbff8605c290
  f/gold/tests/test_live_apis: 5fc4b4bdf3bce7f8da37af89a4de504c44967db9e0ba525866df0ea28230f02c
  f/gold/tests/test_step_logic: 19ff96e04c4ae03eefc5dc4dd33d25fb4a0d34b96e516cde4cc41c00b87a60cf
